
Microsoft Visual Studio Solution File, Format Version 12.00
# Visual Studio Version 17
VisualStudioVersion = 17.1.32228.430
MinimumVisualStudioVersion = 10.0.40219.1
Project("{9A19103F-16F7-4668-BE54-9A1E7A4F7556}") = "DictionaryApp.WebApi", "DictionaryApp.WebApi\DictionaryApp.WebApi.csproj", "{7D6283B5-C569-47C4-B5E9-3ED462241C7C}"
EndProject
Project("{9A19103F-16F7-4668-BE54-9A1E7A4F7556}") = "DictionaryApp.Database", "DictionaryApp.Database\DictionaryApp.Database.csproj", "{64762B27-8C63-43CE-B48B-CD4A22B757F2}"
EndProject
Project("{9A19103F-16F7-4668-BE54-9A1E7A4F7556}") = "DictionaryApp.DataLayer", "DictionaryApp.DataLayer\DictionaryApp.DataLayer.csproj", "{03813B84-7B8A-4F5E-8C6A-08E775DCB431}"
EndProject
Project("{FAE04EC0-301F-11D3-BF4B-00C04F79EFBC}") = "DictionaryApp.Tests", "DictionaryApp.Tests\DictionaryApp.Tests.csproj", "{4F432230-4C01-4158-BAAD-973D84F4E7EB}"
EndProject
Global
	GlobalSection(SolutionConfigurationPlatforms) = preSolution
		Debug|Any CPU = Debug|Any CPU
		Release|Any CPU = Release|Any CPU
	EndGlobalSection
	GlobalSection(ProjectConfigurationPlatforms) = postSolution
		{7D6283B5-C569-47C4-B5E9-3ED462241C7C}.Debug|Any CPU.ActiveCfg = Debug|Any CPU
		{7D6283B5-C569-47C4-B5E9-3ED462241C7C}.Debug|Any CPU.Build.0 = Debug|Any CPU
		{7D6283B5-C569-47C4-B5E9-3ED462241C7C}.Release|Any CPU.ActiveCfg = Release|Any CPU
		{7D6283B5-C569-47C4-B5E9-3ED462241C7C}.Release|Any CPU.Build.0 = Release|Any CPU
		{64762B27-8C63-43CE-B48B-CD4A22B757F2}.Debug|Any CPU.ActiveCfg = Debug|Any CPU
		{64762B27-8C63-43CE-B48B-CD4A22B757F2}.Debug|Any CPU.Build.0 = Debug|Any CPU
		{64762B27-8C63-43CE-B48B-CD4A22B757F2}.Release|Any CPU.ActiveCfg = Release|Any CPU
		{64762B27-8C63-43CE-B48B-CD4A22B757F2}.Release|Any CPU.Build.0 = Release|Any CPU
		{03813B84-7B8A-4F5E-8C6A-08E775DCB431}.Debug|Any CPU.ActiveCfg = Debug|Any CPU
		{03813B84-7B8A-4F5E-8C6A-08E775DCB431}.Debug|Any CPU.Build.0 = Debug|Any CPU
		{03813B84-7B8A-4F5E-8C6A-08E775DCB431}.Release|Any CPU.ActiveCfg = Release|Any CPU
		{03813B84-7B8A-4F5E-8C6A-08E775DCB431}.Release|Any CPU.Build.0 = Release|Any CPU
		{4F432230-4C01-4158-BAAD-973D84F4E7EB}.Debug|Any CPU.ActiveCfg = Debug|Any CPU
		{4F432230-4C01-4158-BAAD-973D84F4E7EB}.Debug|Any CPU.Build.0 = Debug|Any CPU
		{4F432230-4C01-4158-BAAD-973D84F4E7EB}.Release|Any CPU.ActiveCfg = Release|Any CPU
		{4F432230-4C01-4158-BAAD-973D84F4E7EB}.Release|Any CPU.Build.0 = Release|Any CPU
	EndGlobalSection
	GlobalSection(SolutionProperties) = preSolution
		HideSolutionNode = FALSE
	EndGlobalSection
	GlobalSection(ExtensibilityGlobals) = postSolution
		SolutionGuid = {ABFFF6D7-1539-44E8-B661-8C486DEB3548}
	EndGlobalSection
EndGlobal
